
Microsoft Visual Studio Solution File, Format Version 12.00
# Visual Studio 15
VisualStudioVersion = 15.0.27703.2042
MinimumVisualStudioVersion = 10.0.40219.1
Project("{FAE04EC0-301F-11D3-BF4B-00C04F79EFBC}") = "ImageUploader", "ImageUploader\ImageUploader.csproj", "{EC0A4C1B-1B1F-4797-9A72-84EDE58ECA9B}"
EndProject
Project("{FAE04EC0-301F-11D3-BF4B-00C04F79EFBC}") = "ImageWriter", "ImageWriter\ImageWriter.csproj", "{93F4E83F-C603-40E1-A7DC-634E8504C851}"
EndProject
Global
	GlobalSection(SolutionConfigurationPlatforms) = preSolution
		Debug|Any CPU = Debug|Any CPU
		Release|Any CPU = Release|Any CPU
	EndGlobalSection
	GlobalSection(ProjectConfigurationPlatforms) = postSolution
		{EC0A4C1B-1B1F-4797-9A72-84EDE58ECA9B}.Debug|Any CPU.ActiveCfg = Debug|Any CPU
		{EC0A4C1B-1B1F-4797-9A72-84EDE58ECA9B}.Debug|Any CPU.Build.0 = Debug|Any CPU
		{EC0A4C1B-1B1F-4797-9A72-84EDE58ECA9B}.Release|Any CPU.ActiveCfg = Release|Any CPU
		{EC0A4C1B-1B1F-4797-9A72-84EDE58ECA9B}.Release|Any CPU.Build.0 = Release|Any CPU
		{93F4E83F-C603-40E1-A7DC-634E8504C851}.Debug|Any CPU.ActiveCfg = Debug|Any CPU
		{93F4E83F-C603-40E1-A7DC-634E8504C851}.Debug|Any CPU.Build.0 = Debug|Any CPU
		{93F4E83F-C603-40E1-A7DC-634E8504C851}.Release|Any CPU.ActiveCfg = Release|Any CPU
		{93F4E83F-C603-40E1-A7DC-634E8504C851}.Release|Any CPU.Build.0 = Release|Any CPU
	EndGlobalSection
	GlobalSection(SolutionProperties) = preSolution
		HideSolutionNode = FALSE
	EndGlobalSection
	GlobalSection(ExtensibilityGlobals) = postSolution
		SolutionGuid = {1181F50A-1058-4ADA-A338-099C97012425}
	EndGlobalSection
EndGlobal
